Microsoft Visual Studio Solution File, Format Version 12.00
# Visual Studio 15
VisualStudioVersion = 15.0.27130.2036
MinimumVisualStudioVersion = 10.0.40219.1
Project("{2150E333-8FDC-42A3-9474-1A3956D46DE8}") = "Assets", "Assets", "{06BE4D4A-B0DF-465D-9BAC-6CC3C9779A37}"
	ProjectSection(SolutionItems) = preProject
		.editorconfig = .editorconfig
		.gitattributes = .gitattributes
		.gitignore = .gitignore
		.travis.yml = .travis.yml
		appveyor.yml = appveyor.yml
		Build.ps1 = Build.ps1
		build.sh = build.sh
		CHANGELOG.md = CHANGELOG.md
		CONTRIBUTING.md = CONTRIBUTING.md
		global.json = global.json
		JustEat.StatsD.Common.props = JustEat.StatsD.Common.props
		LICENSE = LICENSE
		README.md = README.md
		release.ps1 = release.ps1
	EndProjectSection
EndProject
Project("{9A19103F-16F7-4668-BE54-9A1E7A4F7556}") = "JustEat.StatsD", "src\JustEat.StatsD\JustEat.StatsD.csproj", "{6A338D71-E28B-455A-9E9D-3667EE659542}"
EndProject
Project("{9A19103F-16F7-4668-BE54-9A1E7A4F7556}") = "PerfTestHarness", "src\PerfTestHarness\PerfTestHarness.csproj", "{8A601B6E-491C-4B97-92C3-75D399B0F023}"
EndProject
Project("{9A19103F-16F7-4668-BE54-9A1E7A4F7556}") = "JustEat.StatsD.Tests", "src\JustEat.StatsD.Tests\JustEat.StatsD.Tests.csproj", "{8D9AA1A3-2619-4800-AAEC-84AE4DA15455}"
EndProject
Project("{FAE04EC0-301F-11D3-BF4B-00C04F79EFBC}") = "Benchmark", "Benchmark\Benchmark.csproj", "{AE27A9E4-28A0-4878-96CC-FAE33AB3A95B}"
EndProject
Global
	GlobalSection(SolutionConfigurationPlatforms) = preSolution
		Debug|Any CPU = Debug|Any CPU
		Release|Any CPU = Release|Any CPU
	EndGlobalSection
	GlobalSection(ProjectConfigurationPlatforms) = postSolution
		{6A338D71-E28B-455A-9E9D-3667EE659542}.Debug|Any CPU.ActiveCfg = Debug|Any CPU
		{6A338D71-E28B-455A-9E9D-3667EE659542}.Debug|Any CPU.Build.0 = Debug|Any CPU
		{6A338D71-E28B-455A-9E9D-3667EE659542}.Release|Any CPU.ActiveCfg = Release|Any CPU
		{6A338D71-E28B-455A-9E9D-3667EE659542}.Release|Any CPU.Build.0 = Release|Any CPU
		{8A601B6E-491C-4B97-92C3-75D399B0F023}.Debug|Any CPU.ActiveCfg = Debug|Any CPU
		{8A601B6E-491C-4B97-92C3-75D399B0F023}.Debug|Any CPU.Build.0 = Debug|Any CPU
		{8A601B6E-491C-4B97-92C3-75D399B0F023}.Release|Any CPU.ActiveCfg = Release|Any CPU
		{8A601B6E-491C-4B97-92C3-75D399B0F023}.Release|Any CPU.Build.0 = Release|Any CPU
		{8D9AA1A3-2619-4800-AAEC-84AE4DA15455}.Debug|Any CPU.ActiveCfg = Debug|Any CPU
		{8D9AA1A3-2619-4800-AAEC-84AE4DA15455}.Debug|Any CPU.Build.0 = Debug|Any CPU
		{8D9AA1A3-2619-4800-AAEC-84AE4DA15455}.Release|Any CPU.ActiveCfg = Release|Any CPU
		{8D9AA1A3-2619-4800-AAEC-84AE4DA15455}.Release|Any CPU.Build.0 = Release|Any CPU
		{AE27A9E4-28A0-4878-96CC-FAE33AB3A95B}.Debug|Any CPU.ActiveCfg = Debug|Any CPU
		{AE27A9E4-28A0-4878-96CC-FAE33AB3A95B}.Debug|Any CPU.Build.0 = Debug|Any CPU
		{AE27A9E4-28A0-4878-96CC-FAE33AB3A95B}.Release|Any CPU.ActiveCfg = Release|Any CPU
		{AE27A9E4-28A0-4878-96CC-FAE33AB3A95B}.Release|Any CPU.Build.0 = Release|Any CPU
	EndGlobalSection
	GlobalSection(SolutionProperties) = preSolution
		HideSolutionNode = FALSE
	EndGlobalSection
	GlobalSection(ExtensibilityGlobals) = postSolution
		SolutionGuid = {72443623-DCE7-43AB-A24E-1D08807E1F72}
	EndGlobalSection
EndGlobal
