
Microsoft Visual Studio Solution File, Format Version 11.00
# Visual Studio 2010
Project("{FAE04EC0-301F-11D3-BF4B-00C04F79EFBC}") = "JustEat.Aop", "src\JustEat.Aop\JustEat.Aop.csproj", "{2D18345A-D528-4075-AC11-4E70C100BB3D}"
EndProject
Project("{FAE04EC0-301F-11D3-BF4B-00C04F79EFBC}") = "JustEat.Aop.Tests", "testing\JustEat.Aop.Tests\JustEat.Aop.Tests.csproj", "{A9055BE9-CB9C-468B-9395-8E1EBB012BFD}"
EndProject
Global
	GlobalSection(SolutionConfigurationPlatforms) = preSolution
		Debug|Any CPU = Debug|Any CPU
		Release|Any CPU = Release|Any CPU
	EndGlobalSection
	GlobalSection(ProjectConfigurationPlatforms) = postSolution
		{2D18345A-D528-4075-AC11-4E70C100BB3D}.Debug|Any CPU.ActiveCfg = Debug|Any CPU
		{2D18345A-D528-4075-AC11-4E70C100BB3D}.Debug|Any CPU.Build.0 = Debug|Any CPU
		{2D18345A-D528-4075-AC11-4E70C100BB3D}.Release|Any CPU.ActiveCfg = Release|Any CPU
		{2D18345A-D528-4075-AC11-4E70C100BB3D}.Release|Any CPU.Build.0 = Release|Any CPU
		{A9055BE9-CB9C-468B-9395-8E1EBB012BFD}.Debug|Any CPU.ActiveCfg = Debug|Any CPU
		{A9055BE9-CB9C-468B-9395-8E1EBB012BFD}.Debug|Any CPU.Build.0 = Debug|Any CPU
		{A9055BE9-CB9C-468B-9395-8E1EBB012BFD}.Release|Any CPU.ActiveCfg = Release|Any CPU
		{A9055BE9-CB9C-468B-9395-8E1EBB012BFD}.Release|Any CPU.Build.0 = Release|Any CPU
	EndGlobalSection
	GlobalSection(SolutionProperties) = preSolution
		HideSolutionNode = FALSE
	EndGlobalSection
	GlobalSection(ExtensibilityAddIns) = postSolution
		OpenWrap.VisualStudioIntegration2010 = 1;Ensures OpenWrap initialization when a solution is opened.;OpenWrap Visual Studio Solution Add-in
	EndGlobalSection
EndGlobal
